{
  "session_id": "3ee1065c",
  "session_name": "goldenfocus-claude-3ee1065c",
  "ai_type": "claude-sonnet-4.5",
  "platform": "vscode-extension",
  "started_at": "2025-10-27T04:31:30.000Z",
  "status": "active",
  "claimed_files": [
    "/lib/conversation-engine.ts",
    "/state/conversation-state.ts"
  ],
  "task": "Build conversation state machine",
  "task_number": "#1",
  "task_section": "READY",
  "estimated_duration_minutes": 180,
  "heartbeat_last": "2025-10-27T04:31:30.000Z",
  "heartbeat_count": 0,
  "progress_percent": 0,
  "notes": "Phase 2: Active - waiting for final conflict check"
}
