{
  "session_id": "250f15fe",
  "session_name": "goldenfocus-claude-250f15fe",
  "ai_type": "claude-sonnet-4.5",
  "platform": "vscode-extension",
  "started_at": "2025-10-27T04:55:44.899Z",
  "status": "claiming",
  "claimed_files": [
    "/lib/command-parser.ts",
    "/lib/command-patterns.ts",
    "/tests/unit/command-parser.test.ts"
  ],
  "task": "Natural language command parser",
  "task_number": "#3",
  "task_section": "READY",
  "estimated_duration_minutes": 120,
  "heartbeat_last": "2025-10-27T04:55:44.899Z",
  "heartbeat_count": 0,
  "progress_percent": 0,
  "notes": "Phase 1: Claiming - Starting enhanced NLP parser with GPT-4"
}